
Microsoft Visual Studio Solution File, Format Version 12.00
# Visual Studio Version 17
VisualStudioVersion = 17.4.33213.308
MinimumVisualStudioVersion = 10.0.40219.1
Project("{FAE04EC0-301F-11D3-BF4B-00C04F79EFBC}") = "ACTIVIDAD SEMANA 4", "ACTIVIDAD SEMANA 4\ACTIVIDAD SEMANA 4.csproj", "{9172B6CE-EC8E-4CE3-8B9F-7643D463E725}"
EndProject
Global
	GlobalSection(SolutionConfigurationPlatforms) = preSolution
		Debug|Any CPU = Debug|Any CPU
		Release|Any CPU = Release|Any CPU
	EndGlobalSection
	GlobalSection(ProjectConfigurationPlatforms) = postSolution
		{9172B6CE-EC8E-4CE3-8B9F-7643D463E725}.Debug|Any CPU.ActiveCfg = Debug|Any CPU
		{9172B6CE-EC8E-4CE3-8B9F-7643D463E725}.Debug|Any CPU.Build.0 = Debug|Any CPU
		{9172B6CE-EC8E-4CE3-8B9F-7643D463E725}.Release|Any CPU.ActiveCfg = Release|Any CPU
		{9172B6CE-EC8E-4CE3-8B9F-7643D463E725}.Release|Any CPU.Build.0 = Release|Any CPU
	EndGlobalSection
	GlobalSection(SolutionProperties) = preSolution
		HideSolutionNode = FALSE
	EndGlobalSection
	GlobalSection(ExtensibilityGlobals) = postSolution
		SolutionGuid = {7505F600-D647-442F-9D9D-3A3492F1BAA0}
	EndGlobalSection
EndGlobal
